
Microsoft Visual Studio Solution File, Format Version 12.00
# Visual Studio Version 17
VisualStudioVersion = 17.11.35219.272
MinimumVisualStudioVersion = 10.0.40219.1
Project("{FAE04EC0-301F-11D3-BF4B-00C04F79EFBC}") = "Air Traffic Control Sorting Problem", "Air Traffic Control Sorting Problem\Air Traffic Control Sorting Problem.csproj", "{7C01D98D-A055-4344-8703-3C9F112E502F}"
EndProject
Global
	GlobalSection(SolutionConfigurationPlatforms) = preSolution
		Debug|Any CPU = Debug|Any CPU
		Release|Any CPU = Release|Any CPU
	EndGlobalSection
	GlobalSection(ProjectConfigurationPlatforms) = postSolution
		{7C01D98D-A055-4344-8703-3C9F112E502F}.Debug|Any CPU.ActiveCfg = Debug|Any CPU
		{7C01D98D-A055-4344-8703-3C9F112E502F}.Debug|Any CPU.Build.0 = Debug|Any CPU
		{7C01D98D-A055-4344-8703-3C9F112E502F}.Release|Any CPU.ActiveCfg = Release|Any CPU
		{7C01D98D-A055-4344-8703-3C9F112E502F}.Release|Any CPU.Build.0 = Release|Any CPU
	EndGlobalSection
	GlobalSection(SolutionProperties) = preSolution
		HideSolutionNode = FALSE
	EndGlobalSection
	GlobalSection(ExtensibilityGlobals) = postSolution
		SolutionGuid = {94475D44-03CE-4041-B107-743F09AB09DB}
	EndGlobalSection
EndGlobal
